{
  "name": "torturequalsolution.github.io",
  "version": "1.0.0",
  "lockfileVersion": 3,
  "requires": true,
  "packages": {
    "": {
      "name": "torturequalsolution.github.io",
      "version": "1.0.0",
      "license": "ISC",
      "dependencies": {
        "editorconfig": "^3.0.2"
      }
    },
    "node_modules/@one-ini/wasm": {
      "version": "0.2.1",
      "resolved": "https://registry.npmjs.org/@one-ini/wasm/-/wasm-0.2.1.tgz",
      "integrity": "sha512-TUqERXGNTifZ9y2g3wPxQrw3HpHv/02DsW3D90T9x0hhonrL1ZqpSmNrU2XkoIq0fP1N6gZfVQzy2Fw1ZvGBNg==",
      "license": "MIT"
    },
    "node_modules/balanced-match": {
      "version": "4.0.4",
      "resolved": "https://registry.npmjs.org/balanced-match/-/balanced-match-4.0.4.tgz",
      "integrity": "sha512-BLrgEcRTwX2o6gGxGOCNyMvGSp35YofuYzw9h1IMTRmKqttAZZVU67bdb9Pr2vUHA8+j3i2tJfjO6C6+4myGTA==",
      "license": "MIT",
      "engines": {
        "node": "18 || 20 || >=22"
      }
    },
    "node_modules/brace-expansion": {
      "version": "5.0.7",
      "resolved": "https://registry.npmjs.org/brace-expansion/-/brace-expansion-5.0.7.tgz",
      "integrity": "sha512-7oFy703dxfY3/NLxC1fh2SUCQ0H9rmAY+5EpDVfXjUTTs+HEwR2nYaqLv+GWcTsumwxPfiz6CzCNkwXwBUwqCA==",
      "license": "MIT",
      "dependencies": {
        "balanced-match": "^4.0.2"
      },
      "engines": {
        "node": "18 || 20 || >=22"
      }
    },
    "node_modules/commander": {
      "version": "14.0.3",
      "resolved": "https://registry.npmjs.org/commander/-/commander-14.0.3.tgz",
      "integrity": "sha512-H+y0Jo/T1RZ9qPP4Eh1pkcQcLRglraJaSLoyOtHxu6AapkjWVCy2Sit1QQ4x3Dng8qDlSsZEet7g5Pq06MvTgw==",
      "license": "MIT",
      "engines": {
        "node": ">=20"
      }
    },
    "node_modules/editorconfig": {
      "version": "3.0.2",
      "resolved": "https://registry.npmjs.org/editorconfig/-/editorconfig-3.0.2.tgz",
      "integrity": "sha512-T0ix8GhtxyKVfUFEcvdNDt3YGqlwkFHbD4/5bgFUDgFmxhI/cSRAeJ87/Sz//Cq8Eam6JX/e23RkoFO71P7aAA==",
      "license": "MIT",
      "dependencies": {
        "@one-ini/wasm": "0.2.1",
        "commander": "^14.0.3",
        "minimatch": "~10.2.4",
        "semver": "^7.7.4"
      },
      "bin": {
        "editorconfig": "bin/editorconfig"
      },
      "engines": {
        "node": ">=20"
      }
    },
    "node_modules/minimatch": {
      "version": "10.2.5",
      "resolved": "https://registry.npmjs.org/minimatch/-/minimatch-10.2.5.tgz",
      "integrity": "sha512-MULkVLfKGYDFYejP07QOurDLLQpcjk7Fw+7jXS2R2czRQzR56yHRveU5NDJEOviH+hETZKSkIk5c+T23GjFUMg==",
      "license": "BlueOak-1.0.0",
      "dependencies": {
        "brace-expansion": "^5.0.5"
      },
      "engines": {
        "node": "18 || 20 || >=22"
      },
      "funding": {
        "url": "https://github.com/sponsors/isaacs"
      }
    },
    "node_modules/semver": {
      "version": "7.8.5",
      "resolved": "https://registry.npmjs.org/semver/-/semver-7.8.5.tgz",
      "integrity": "sha512-Y7/KDsb8LjooZpwaqGyulO6DQlksgCncchHGk+sZIY4SBvUocMBEFH5Ur1fI4dV+Jvl0w6cjvucaIi40puRioA==",
      "license": "ISC",
      "bin": {
        "semver": "bin/semver.js"
      },
      "engines": {
        "node": ">=10"
      }
    }
  }
}
